// !$*UTF8*$!
{
	archiveVersion = 1;
	classes = {
	};
	objectVersion = 50;
	objects = {

/* Begin PBXBuildFile section */
		3FF32846235AA9A90065FF66 /* AppDelegate.swift in Sources */ = {isa = PBXBuildFile; fileRef = 3FF32845235AA9A90065FF66 /* AppDelegate.swift */; };
		3FF32848235AA9A90065FF66 /* SceneDelegate.swift in Sources */ = {isa = PBXBuildFile; fileRef = 3FF32847235AA9A90065FF66 /* SceneDelegate.swift */; };
		3FF3284A235AA9A90065FF66 /* ViewController.swift in Sources */ = {isa = PBXBuildFile; fileRef = 3FF32849235AA9A90065FF66 /* ViewController.swift */; };
		3FF3284D235AA9A90065FF66 /* Main.storyboard in Resources */ = {isa = PBXBuildFile; fileRef = 3FF3284B235AA9A90065FF66 /* Main.storyboard */; };
		3FF3284F235AA9AA0065FF66 /* Assets.xcassets in Resources */ = {isa = PBXBuildFile; fileRef = 3FF3284E235AA9AA0065FF66 /* Assets.xcassets */; };
		3FF32852235AA9AA0065FF66 /* LaunchScreen.storyboard in Resources */ = {isa = PBXBuildFile; fileRef = 3FF32850235AA9AA0065FF66 /* LaunchScreen.storyboard */; };
		3FF3285B235AAC470065FF66 /* LoginViewController.swift in Sources */ = {isa = PBXBuildFile; fileRef = 3FF3285A235AAC470065FF66 /* LoginViewController.swift */; };
		3FF3285D235AAC540065FF66 /* SiginUpViewController.swift in Sources */ = {isa = PBXBuildFile; fileRef = 3FF3285C235AAC540065FF66 /* SiginUpViewController.swift */; };
		3FF3285F235AAC5C0065FF66 /* HomeViewController.swift in Sources */ = {isa = PBXBuildFile; fileRef = 3FF3285E235AAC5C0065FF66 /* HomeViewController.swift */; };
		3FF32861235AAC820065FF66 /* SearchViewController.swift in Sources */ = {isa = PBXBuildFile; fileRef = 3FF32860235AAC820065FF66 /* SearchViewController.swift */; };
		3FF32863235AAC8A0065FF66 /* UserViewController.swift in Sources */ = {isa = PBXBuildFile; fileRef = 3FF32862235AAC8A0065FF66 /* UserViewController.swift */; };
		3FF32865235AACB50065FF66 /* PostViewController.swift in Sources */ = {isa = PBXBuildFile; fileRef = 3FF32864235AACB50065FF66 /* PostViewController.swift */; };
		3FF32869235AB44B0065FF66 /* MapTableViewCell.swift in Sources */ = {isa = PBXBuildFile; fileRef = 3FF32868235AB44B0065FF66 /* MapTableViewCell.swift */; };
		3FF3286B235AB6FC0065FF66 /* CollectionTableViewCell.swift in Sources */ = {isa = PBXBuildFile; fileRef = 3FF3286A235AB6FC0065FF66 /* CollectionTableViewCell.swift */; };
		3FF32871235ABED70065FF66 /* CollectionView.xib in Resources */ = {isa = PBXBuildFile; fileRef = 3FF32870235ABED70065FF66 /* CollectionView.xib */; };
		3FF32873235AE2140065FF66 /* CollectionItem.xib in Resources */ = {isa = PBXBuildFile; fileRef = 3FF32872235AE2140065FF66 /* CollectionItem.xib */; };
		3FF32875235AE4870065FF66 /* ItemCollectionViewCell.swift in Sources */ = {isa = PBXBuildFile; fileRef = 3FF32874235AE4870065FF66 /* ItemCollectionViewCell.swift */; };
		3FF32878235B1E3C0065FF66 /* UserAuthInfo.swift in Sources */ = {isa = PBXBuildFile; fileRef = 3FF32877235B1E3C0065FF66 /* UserAuthInfo.swift */; };
		3FF3287A235B337A0065FF66 /* UserView.xib in Resources */ = {isa = PBXBuildFile; fileRef = 3FF32879235B337A0065FF66 /* UserView.xib */; };
		3FF3287C235B34F50065FF66 /* Switch.xib in Resources */ = {isa = PBXBuildFile; fileRef = 3FF3287B235B34F50065FF66 /* Switch.xib */; };
		3FF3287E235B38530065FF66 /* UserTableViewCell.swift in Sources */ = {isa = PBXBuildFile; fileRef = 3FF3287D235B38530065FF66 /* UserTableViewCell.swift */; };
		3FF32880235B385B0065FF66 /* SwitchTableViewCell.swift in Sources */ = {isa = PBXBuildFile; fileRef = 3FF3287F235B385B0065FF66 /* SwitchTableViewCell.swift */; };
		616A7B0C04AFB3D98DFE8AA9 /* Pods_jphacks.framework in Frameworks */ = {isa = PBXBuildFile; fileRef = AE1E272BF07A021C6E66AF11 /* Pods_jphacks.framework */; };
		D8EAC928235AFA9600518465 /* AppIcon.png in Resources */ = {isa = PBXBuildFile; fileRef = D8EAC927235AFA9500518465 /* AppIcon.png */; };
		D8EAC92B235AFAE700518465 /* background.png in Resources */ = {isa = PBXBuildFile; fileRef = D8EAC92A235AFAE700518465 /* background.png */; };
		D8EAC92D235AFAF300518465 /* home.png in Resources */ = {isa = PBXBuildFile; fileRef = D8EAC92C235AFAF300518465 /* home.png */; };
		D8EAC92F235AFB0000518465 /* login_background.png in Resources */ = {isa = PBXBuildFile; fileRef = D8EAC92E235AFB0000518465 /* login_background.png */; };
		D8EAC931235AFB0A00518465 /* post.png in Resources */ = {isa = PBXBuildFile; fileRef = D8EAC930235AFB0A00518465 /* post.png */; };
		D8EAC933235AFB1300518465 /* recommend.png in Resources */ = {isa = PBXBuildFile; fileRef = D8EAC932235AFB1200518465 /* recommend.png */; };
		D8EAC935235AFB1B00518465 /* search.png in Resources */ = {isa = PBXBuildFile; fileRef = D8EAC934235AFB1B00518465 /* search.png */; };
		D8EAC937235AFB2400518465 /* start.png in Resources */ = {isa = PBXBuildFile; fileRef = D8EAC936235AFB2400518465 /* start.png */; };
		D8EAC939235AFB2B00518465 /* user.png in Resources */ = {isa = PBXBuildFile; fileRef = D8EAC938235AFB2B00518465 /* user.png */; };
		D8EAC93B235AFB3200518465 /* ログイン.png in Resources */ = {isa = PBXBuildFile; fileRef = D8EAC93A235AFB3200518465 /* ログイン.png */; };
		D8EAC93D235AFB3B00518465 /* 登録.png in Resources */ = {isa = PBXBuildFile; fileRef = D8EAC93C235AFB3B00518465 /* 登録.png */; };
		D8EAC93F235AFC6A00518465 /* logo.png in Resources */ = {isa = PBXBuildFile; fileRef = D8EAC93E235AFC6A00518465 /* logo.png */; };
		D8EAC941235B041C00518465 /* 投稿.png in Resources */ = {isa = PBXBuildFile; fileRef = D8EAC940235B041C00518465 /* 投稿.png */; };
		D8EAC943235B0ADD00518465 /* background_11pro.png in Resources */ = {isa = PBXBuildFile; fileRef = D8EAC942235B0ADC00518465 /* background_11pro.png */; };
		D8EAC945235B0D8A00518465 /* background_11pro_2.png in Resources */ = {isa = PBXBuildFile; fileRef = D8EAC944235B0D8A00518465 /* background_11pro_2.png */; };
/* End PBXBuildFile section */

/* Begin PBXFileReference section */
		3FF32842235AA9A90065FF66 /* jphacks.app */ = {isa = PBXFileReference; explicitFileType = wrapper.application; includeInIndex = 0; path = jphacks.app; sourceTree = BUILT_PRODUCTS_DIR; };
		3FF32845235AA9A90065FF66 /* AppDelegate.swift */ = {isa = PBXFileReference; lastKnownFileType = sourcecode.swift; path = AppDelegate.swift; sourceTree = "<group>"; };
		3FF32847235AA9A90065FF66 /* SceneDelegate.swift */ = {isa = PBXFileReference; lastKnownFileType = sourcecode.swift; path = SceneDelegate.swift; sourceTree = "<group>"; };
		3FF32849235AA9A90065FF66 /* ViewController.swift */ = {isa = PBXFileReference; lastKnownFileType = sourcecode.swift; path = ViewController.swift; sourceTree = "<group>"; };
		3FF3284C235AA9A90065FF66 /* Base */ = {isa = PBXFileReference; lastKnownFileType = file.storyboard; name = Base; path = Base.lproj/Main.storyboard; sourceTree = "<group>"; };
		3FF3284E235AA9AA0065FF66 /* Assets.xcassets */ = {isa = PBXFileReference; lastKnownFileType = folder.assetcatalog; path = Assets.xcassets; sourceTree = "<group>"; };
		3FF32851235AA9AA0065FF66 /* Base */ = {isa = PBXFileReference; lastKnownFileType = file.storyboard; name = Base; path = Base.lproj/LaunchScreen.storyboard; sourceTree = "<group>"; };
		3FF32853235AA9AA0065FF66 /* Info.plist */ = {isa = PBXFileReference; lastKnownFileType = text.plist.xml; path = Info.plist; sourceTree = "<group>"; };
		3FF3285A235AAC470065FF66 /* LoginViewController.swift */ = {isa = PBXFileReference; lastKnownFileType = sourcecode.swift; path = LoginViewController.swift; sourceTree = "<group>"; };
		3FF3285C235AAC540065FF66 /* SiginUpViewController.swift */ = {isa = PBXFileReference; lastKnownFileType = sourcecode.swift; path = SiginUpViewController.swift; sourceTree = "<group>"; };
		3FF3285E235AAC5C0065FF66 /* HomeViewController.swift */ = {isa = PBXFileReference; lastKnownFileType = sourcecode.swift; path = HomeViewController.swift; sourceTree = "<group>"; };
		3FF32860235AAC820065FF66 /* SearchViewController.swift */ = {isa = PBXFileReference; lastKnownFileType = sourcecode.swift; path = SearchViewController.swift; sourceTree = "<group>"; };
		3FF32862235AAC8A0065FF66 /* UserViewController.swift */ = {isa = PBXFileReference; lastKnownFileType = sourcecode.swift; path = UserViewController.swift; sourceTree = "<group>"; };
		3FF32864235AACB50065FF66 /* PostViewController.swift */ = {isa = PBXFileReference; lastKnownFileType = sourcecode.swift; path = PostViewController.swift; sourceTree = "<group>"; };
		3FF32868235AB44B0065FF66 /* MapTableViewCell.swift */ = {isa = PBXFileReference; lastKnownFileType = sourcecode.swift; path = MapTableViewCell.swift; sourceTree = "<group>"; };
		3FF3286A235AB6FC0065FF66 /* CollectionTableViewCell.swift */ = {isa = PBXFileReference; lastKnownFileType = sourcecode.swift; path = CollectionTableViewCell.swift; sourceTree = "<group>"; };
		3FF32870235ABED70065FF66 /* CollectionView.xib */ = {isa = PBXFileReference; lastKnownFileType = file.xib; path = CollectionView.xib; sourceTree = "<group>"; };
		3FF32872235AE2140065FF66 /* CollectionItem.xib */ = {isa = PBXFileReference; lastKnownFileType = file.xib; path = CollectionItem.xib; sourceTree = "<group>"; };
		3FF32874235AE4870065FF66 /* ItemCollectionViewCell.swift */ = {isa = PBXFileReference; lastKnownFileType = sourcecode.swift; path = ItemCollectionViewCell.swift; sourceTree = "<group>"; };
		3FF32877235B1E3C0065FF66 /* UserAuthInfo.swift */ = {isa = PBXFileReference; lastKnownFileType = sourcecode.swift; path = UserAuthInfo.swift; sourceTree = "<group>"; };
		3FF32879235B337A0065FF66 /* UserView.xib */ = {isa = PBXFileReference; lastKnownFileType = file.xib; path = UserView.xib; sourceTree = "<group>"; };
		3FF3287B235B34F50065FF66 /* Switch.xib */ = {isa = PBXFileReference; lastKnownFileType = file.xib; path = Switch.xib; sourceTree = "<group>"; };
		3FF3287D235B38530065FF66 /* UserTableViewCell.swift */ = {isa = PBXFileReference; lastKnownFileType = sourcecode.swift; path = UserTableViewCell.swift; sourceTree = "<group>"; };
		3FF3287F235B385B0065FF66 /* SwitchTableViewCell.swift */ = {isa = PBXFileReference; lastKnownFileType = sourcecode.swift; path = SwitchTableViewCell.swift; sourceTree = "<group>"; };
		4DE28282350B16AA9B49480F /* Pods-jphacks.release.xcconfig */ = {isa = PBXFileReference; includeInIndex = 1; lastKnownFileType = text.xcconfig; name = "Pods-jphacks.release.xcconfig"; path = "Pods/Target Support Files/Pods-jphacks/Pods-jphacks.release.xcconfig"; sourceTree = "<group>"; };
		AE1E272BF07A021C6E66AF11 /* Pods_jphacks.framework */ = {isa = PBXFileReference; explicitFileType = wrapper.framework; includeInIndex = 0; path = Pods_jphacks.framework; sourceTree = BUILT_PRODUCTS_DIR; };
		D8EAC927235AFA9500518465 /* AppIcon.png */ = {isa = PBXFileReference; lastKnownFileType = image.png; path = AppIcon.png; sourceTree = "<group>"; };
		D8EAC92A235AFAE700518465 /* background.png */ = {isa = PBXFileReference; lastKnownFileType = image.png; path = background.png; sourceTree = "<group>"; };
		D8EAC92C235AFAF300518465 /* home.png */ = {isa = PBXFileReference; lastKnownFileType = image.png; path = home.png; sourceTree = "<group>"; };
		D8EAC92E235AFB0000518465 /* login_background.png */ = {isa = PBXFileReference; lastKnownFileType = image.png; path = login_background.png; sourceTree = "<group>"; };
		D8EAC930235AFB0A00518465 /* post.png */ = {isa = PBXFileReference; lastKnownFileType = image.png; path = post.png; sourceTree = "<group>"; };
		D8EAC932235AFB1200518465 /* recommend.png */ = {isa = PBXFileReference; lastKnownFileType = image.png; path = recommend.png; sourceTree = "<group>"; };
		D8EAC934235AFB1B00518465 /* search.png */ = {isa = PBXFileReference; lastKnownFileType = image.png; path = search.png; sourceTree = "<group>"; };
		D8EAC936235AFB2400518465 /* start.png */ = {isa = PBXFileReference; lastKnownFileType = image.png; path = start.png; sourceTree = "<group>"; };
		D8EAC938235AFB2B00518465 /* user.png */ = {isa = PBXFileReference; lastKnownFileType = image.png; path = user.png; sourceTree = "<group>"; };
		D8EAC93A235AFB3200518465 /* ログイン.png */ = {isa = PBXFileReference; lastKnownFileType = image.png; path = "ログイン.png"; sourceTree = "<group>"; };
		D8EAC93C235AFB3B00518465 /* 登録.png */ = {isa = PBXFileReference; lastKnownFileType = image.png; path = "登録.png"; sourceTree = "<group>"; };
		D8EAC93E235AFC6A00518465 /* logo.png */ = {isa = PBXFileReference; lastKnownFileType = image.png; path = logo.png; sourceTree = "<group>"; };
		D8EAC940235B041C00518465 /* 投稿.png */ = {isa = PBXFileReference; lastKnownFileType = image.png; path = "投稿.png"; sourceTree = "<group>"; };
		D8EAC942235B0ADC00518465 /* background_11pro.png */ = {isa = PBXFileReference; lastKnownFileType = image.png; path = background_11pro.png; sourceTree = "<group>"; };
		D8EAC944235B0D8A00518465 /* background_11pro_2.png */ = {isa = PBXFileReference; lastKnownFileType = image.png; path = background_11pro_2.png; sourceTree = "<group>"; };
		DC74DF9064449F599FFC4A09 /* Pods-jphacks.debug.xcconfig */ = {isa = PBXFileReference; includeInIndex = 1; lastKnownFileType = text.xcconfig; name = "Pods-jphacks.debug.xcconfig"; path = "Pods/Target Support Files/Pods-jphacks/Pods-jphacks.debug.xcconfig"; sourceTree = "<group>"; };
/* End PBXFileReference section */

/* Begin PBXFrameworksBuildPhase section */
		3FF3283F235AA9A90065FF66 /* Frameworks */ = {
			isa = PBXFrameworksBuildPhase;
			buildActionMask = 2147483647;
			files = (
				616A7B0C04AFB3D98DFE8AA9 /* Pods_jphacks.framework in Frameworks */,
			);
			runOnlyForDeploymentPostprocessing = 0;
		};
/* End PBXFrameworksBuildPhase section */

/* Begin PBXGroup section */
		3FF32839235AA9A90065FF66 = {
			isa = PBXGroup;
			children = (
				3FF32844235AA9A90065FF66 /* jphacks */,
				3FF32843235AA9A90065FF66 /* Products */,
				D3E201C2D45EE03E16A838C4 /* Pods */,
				BF7546B3119ADBABA241A3FF /* Frameworks */,
			);
			sourceTree = "<group>";
		};
		3FF32843235AA9A90065FF66 /* Products */ = {
			isa = PBXGroup;
			children = (
				3FF32842235AA9A90065FF66 /* jphacks.app */,
			);
			name = Products;
			sourceTree = "<group>";
		};
		3FF32844235AA9A90065FF66 /* jphacks */ = {
			isa = PBXGroup;
			children = (
				3FF32876235B1E1C0065FF66 /* Models */,
				3FF3284B235AA9A90065FF66 /* Main.storyboard */,
				3FF32859235AAC0E0065FF66 /* ViewControllers */,
				3FF3286D235ABDC50065FF66 /* Xibs */,
				3FF32867235AB4280065FF66 /* Cells */,
				3FF32845235AA9A90065FF66 /* AppDelegate.swift */,
				3FF32847235AA9A90065FF66 /* SceneDelegate.swift */,
				3FF3284E235AA9AA0065FF66 /* Assets.xcassets */,
				D8EAC929235AFAC900518465 /* assets */,
				3FF32850235AA9AA0065FF66 /* LaunchScreen.storyboard */,
				3FF32853235AA9AA0065FF66 /* Info.plist */,
			);
			path = jphacks;
			sourceTree = "<group>";
		};
		3FF32859235AAC0E0065FF66 /* ViewControllers */ = {
			isa = PBXGroup;
			children = (
				3FF32849235AA9A90065FF66 /* ViewController.swift */,
				3FF3285A235AAC470065FF66 /* LoginViewController.swift */,
				3FF3285C235AAC540065FF66 /* SiginUpViewController.swift */,
				3FF3285E235AAC5C0065FF66 /* HomeViewController.swift */,
				3FF32860235AAC820065FF66 /* SearchViewController.swift */,
				3FF32862235AAC8A0065FF66 /* UserViewController.swift */,
				3FF32864235AACB50065FF66 /* PostViewController.swift */,
			);
			path = ViewControllers;
			sourceTree = "<group>";
		};
		3FF32867235AB4280065FF66 /* Cells */ = {
			isa = PBXGroup;
			children = (
				3FF32868235AB44B0065FF66 /* MapTableViewCell.swift */,
				3FF3287D235B38530065FF66 /* UserTableViewCell.swift */,
				3FF3287F235B385B0065FF66 /* SwitchTableViewCell.swift */,
				3FF3286A235AB6FC0065FF66 /* CollectionTableViewCell.swift */,
				3FF32874235AE4870065FF66 /* ItemCollectionViewCell.swift */,
			);
			path = Cells;
			sourceTree = "<group>";
		};
		3FF3286D235ABDC50065FF66 /* Xibs */ = {
			isa = PBXGroup;
			children = (
				3FF32870235ABED70065FF66 /* CollectionView.xib */,
				3FF32872235AE2140065FF66 /* CollectionItem.xib */,
				3FF32879235B337A0065FF66 /* UserView.xib */,
				3FF3287B235B34F50065FF66 /* Switch.xib */,
			);
			path = Xibs;
			sourceTree = "<group>";
		};
		3FF32876235B1E1C0065FF66 /* Models */ = {
			isa = PBXGroup;
			children = (
				3FF32877235B1E3C0065FF66 /* UserAuthInfo.swift */,
			);
			path = Models;
			sourceTree = "<group>";
		};
		BF7546B3119ADBABA241A3FF /* Frameworks */ = {
			isa = PBXGroup;
			children = (
				AE1E272BF07A021C6E66AF11 /* Pods_jphacks.framework */,
			);
			name = Frameworks;
			sourceTree = "<group>";
		};
		D3E201C2D45EE03E16A838C4 /* Pods */ = {
			isa = PBXGroup;
			children = (
				DC74DF9064449F599FFC4A09 /* Pods-jphacks.debug.xcconfig */,
				4DE28282350B16AA9B49480F /* Pods-jphacks.release.xcconfig */,
			);
			name = Pods;
			sourceTree = "<group>";
		};
		D8EAC929235AFAC900518465 /* assets */ = {
			isa = PBXGroup;
			children = (
				D8EAC936235AFB2400518465 /* start.png */,
				D8EAC927235AFA9500518465 /* AppIcon.png */,
				D8EAC93E235AFC6A00518465 /* logo.png */,
				D8EAC942235B0ADC00518465 /* background_11pro.png */,
				D8EAC944235B0D8A00518465 /* background_11pro_2.png */,
				D8EAC940235B041C00518465 /* 投稿.png */,
				D8EAC92C235AFAF300518465 /* home.png */,
				D8EAC93A235AFB3200518465 /* ログイン.png */,
				D8EAC92E235AFB0000518465 /* login_background.png */,
				D8EAC93C235AFB3B00518465 /* 登録.png */,
				D8EAC938235AFB2B00518465 /* user.png */,
				D8EAC934235AFB1B00518465 /* search.png */,
				D8EAC92A235AFAE700518465 /* background.png */,
				D8EAC932235AFB1200518465 /* recommend.png */,
				D8EAC930235AFB0A00518465 /* post.png */,
			);
			path = assets;
			sourceTree = "<group>";
		};
/* End PBXGroup section */

/* Begin PBXNativeTarget section */
		3FF32841235AA9A90065FF66 /* jphacks */ = {
			isa = PBXNativeTarget;
			buildConfigurationList = 3FF32856235AA9AA0065FF66 /* Build configuration list for PBXNativeTarget "jphacks" */;
			buildPhases = (
				3F3E6F1430DDFBEFED96F3D2 /* [CP] Check Pods Manifest.lock */,
				3FF3283E235AA9A90065FF66 /* Sources */,
				3FF3283F235AA9A90065FF66 /* Frameworks */,
				3FF32840235AA9A90065FF66 /* Resources */,
				DAD5B4CC72C3529CA28D7849 /* [CP] Embed Pods Frameworks */,
			);
			buildRules = (
			);
			dependencies = (
			);
			name = jphacks;
			productName = jphacks;
			productReference = 3FF32842235AA9A90065FF66 /* jphacks.app */;
			productType = "com.apple.product-type.application";
		};
/* End PBXNativeTarget section */

/* Begin PBXProject section */
		3FF3283A235AA9A90065FF66 /* Project object */ = {
			isa = PBXProject;
			attributes = {
				LastSwiftUpdateCheck = 1110;
				LastUpgradeCheck = 1110;
				ORGANIZATIONNAME = sekiya;
				TargetAttributes = {
					3FF32841235AA9A90065FF66 = {
						CreatedOnToolsVersion = 11.1;
					};
				};
			};
			buildConfigurationList = 3FF3283D235AA9A90065FF66 /* Build configuration list for PBXProject "jphacks" */;
			compatibilityVersion = "Xcode 9.3";
			developmentRegion = en;
			hasScannedForEncodings = 0;
			knownRegions = (
				en,
				Base,
			);
			mainGroup = 3FF32839235AA9A90065FF66;
			productRefGroup = 3FF32843235AA9A90065FF66 /* Products */;
			projectDirPath = "";
			projectRoot = "";
			targets = (
				3FF32841235AA9A90065FF66 /* jphacks */,
			);
		};
/* End PBXProject section */

/* Begin PBXResourcesBuildPhase section */
		3FF32840235AA9A90065FF66 /* Resources */ = {
			isa = PBXResourcesBuildPhase;
			buildActionMask = 2147483647;
			files = (
				3FF32871235ABED70065FF66 /* CollectionView.xib in Resources */,
				D8EAC941235B041C00518465 /* 投稿.png in Resources */,
				D8EAC93B235AFB3200518465 /* ログイン.png in Resources */,
				D8EAC931235AFB0A00518465 /* post.png in Resources */,
				D8EAC933235AFB1300518465 /* recommend.png in Resources */,
				3FF32852235AA9AA0065FF66 /* LaunchScreen.storyboard in Resources */,
				D8EAC93F235AFC6A00518465 /* logo.png in Resources */,
				3FF3287C235B34F50065FF66 /* Switch.xib in Resources */,
				3FF3287A235B337A0065FF66 /* UserView.xib in Resources */,
				D8EAC939235AFB2B00518465 /* user.png in Resources */,
				D8EAC93D235AFB3B00518465 /* 登録.png in Resources */,
				D8EAC943235B0ADD00518465 /* background_11pro.png in Resources */,
				D8EAC92B235AFAE700518465 /* background.png in Resources */,
				D8EAC928235AFA9600518465 /* AppIcon.png in Resources */,
				D8EAC945235B0D8A00518465 /* background_11pro_2.png in Resources */,
				D8EAC92D235AFAF300518465 /* home.png in Resources */,
				D8EAC935235AFB1B00518465 /* search.png in Resources */,
				D8EAC92F235AFB0000518465 /* login_background.png in Resources */,
				3FF32873235AE2140065FF66 /* CollectionItem.xib in Resources */,
				3FF3284F235AA9AA0065FF66 /* Assets.xcassets in Resources */,
				3FF3284D235AA9A90065FF66 /* Main.storyboard in Resources */,
				D8EAC937235AFB2400518465 /* start.png in Resources */,
			);
			runOnlyForDeploymentPostprocessing = 0;
		};
/* End PBXResourcesBuildPhase section */

/* Begin PBXShellScriptBuildPhase section */
		3F3E6F1430DDFBEFED96F3D2 /* [CP] Check Pods Manifest.lock */ = {
			isa = PBXShellScriptBuildPhase;
			buildActionMask = 2147483647;
			files = (
			);
			inputPaths = (
				"${PODS_PODFILE_DIR_PATH}/Podfile.lock",
				"${PODS_ROOT}/Manifest.lock",
			);
			name = "[CP] Check Pods Manifest.lock";
			outputPaths = (
				"$(DERIVED_FILE_DIR)/Pods-jphacks-checkManifestLockResult.txt",
			);
			runOnlyForDeploymentPostprocessing = 0;
			shellPath = /bin/sh;
			shellScript = "diff \"${PODS_PODFILE_DIR_PATH}/Podfile.lock\" \"${PODS_ROOT}/Manifest.lock\" > /dev/null\nif [ $? != 0 ] ; then\n    # print error to STDERR\n    echo \"error: The sandbox is not in sync with the Podfile.lock. Run 'pod install' or update your CocoaPods installation.\" >&2\n    exit 1\nfi\n# This output is used by Xcode 'outputs' to avoid re-running this script phase.\necho \"SUCCESS\" > \"${SCRIPT_OUTPUT_FILE_0}\"\n";
			showEnvVarsInLog = 0;
		};
		DAD5B4CC72C3529CA28D7849 /* [CP] Embed Pods Frameworks */ = {
			isa = PBXShellScriptBuildPhase;
			buildActionMask = 2147483647;
			files = (
			);
			inputPaths = (
				"${SRCROOT}/Pods/Target Support Files/Pods-jphacks/Pods-jphacks-frameworks.sh",
				"${BUILT_PRODUCTS_DIR}/Alamofire/Alamofire.framework",
				"${BUILT_PRODUCTS_DIR}/KeychainAccess/KeychainAccess.framework",
				"${BUILT_PRODUCTS_DIR}/Nuke/Nuke.framework",
			);
			name = "[CP] Embed Pods Frameworks";
			outputPaths = (
				"${TARGET_BUILD_DIR}/${FRAMEWORKS_FOLDER_PATH}/Alamofire.framework",
				"${TARGET_BUILD_DIR}/${FRAMEWORKS_FOLDER_PATH}/KeychainAccess.framework",
				"${TARGET_BUILD_DIR}/${FRAMEWORKS_FOLDER_PATH}/Nuke.framework",
			);
			runOnlyForDeploymentPostprocessing = 0;
			shellPath = /bin/sh;
			shellScript = "\"${SRCROOT}/Pods/Target Support Files/Pods-jphacks/Pods-jphacks-frameworks.sh\"\n";
			showEnvVarsInLog = 0;
		};
/* End PBXShellScriptBuildPhase section */

/* Begin PBXSourcesBuildPhase section */
		3FF3283E235AA9A90065FF66 /* Sources */ = {
			isa = PBXSourcesBuildPhase;
			buildActionMask = 2147483647;
			files = (
				3FF32865235AACB50065FF66 /* PostViewController.swift in Sources */,
				3FF32878235B1E3C0065FF66 /* UserAuthInfo.swift in Sources */,
				3FF32880235B385B0065FF66 /* SwitchTableViewCell.swift in Sources */,
				3FF3287E235B38530065FF66 /* UserTableViewCell.swift in Sources */,
				3FF3285B235AAC470065FF66 /* LoginViewController.swift in Sources */,
				3FF32863235AAC8A0065FF66 /* UserViewController.swift in Sources */,
				3FF32861235AAC820065FF66 /* SearchViewController.swift in Sources */,
				3FF3284A235AA9A90065FF66 /* ViewController.swift in Sources */,
				3FF32846235AA9A90065FF66 /* AppDelegate.swift in Sources */,
				3FF3286B235AB6FC0065FF66 /* CollectionTableViewCell.swift in Sources */,
				3FF32869235AB44B0065FF66 /* MapTableViewCell.swift in Sources */,
				3FF32848235AA9A90065FF66 /* SceneDelegate.swift in Sources */,
				3FF32875235AE4870065FF66 /* ItemCollectionViewCell.swift in Sources */,
				3FF3285D235AAC540065FF66 /* SiginUpViewController.swift in Sources */,
				3FF3285F235AAC5C0065FF66 /* HomeViewController.swift in Sources */,
			);
			runOnlyForDeploymentPostprocessing = 0;
		};
/* End PBXSourcesBuildPhase section */

/* Begin PBXVariantGroup section */
		3FF3284B235AA9A90065FF66 /* Main.storyboard */ = {
			isa = PBXVariantGroup;
			children = (
				3FF3284C235AA9A90065FF66 /* Base */,
			);
			name = Main.storyboard;
			sourceTree = "<group>";
		};
		3FF32850235AA9AA0065FF66 /* LaunchScreen.storyboard */ = {
			isa = PBXVariantGroup;
			children = (
				3FF32851235AA9AA0065FF66 /* Base */,
			);
			name = LaunchScreen.storyboard;
			sourceTree = "<group>";
		};
/* End PBXVariantGroup section */

/* Begin XCBuildConfiguration section */
		3FF32854235AA9AA0065FF66 /* Debug */ = {
			isa = XCBuildConfiguration;
			buildSettings = {
				ALWAYS_SEARCH_USER_PATHS = NO;
				CLANG_ANALYZER_NONNULL = YES;
				CLANG_ANALYZER_NUMBER_OBJECT_CONVERSION = YES_AGGRESSIVE;
				CLANG_CXX_LANGUAGE_STANDARD = "gnu++14";
				CLANG_CXX_LIBRARY = "libc++";
				CLANG_ENABLE_MODULES = YES;
				CLANG_ENABLE_OBJC_ARC = YES;
				CLANG_ENABLE_OBJC_WEAK = YES;
				CLANG_WARN_BLOCK_CAPTURE_AUTORELEASING = YES;
				CLANG_WARN_BOOL_CONVERSION = YES;
				CLANG_WARN_COMMA = YES;
				CLANG_WARN_CONSTANT_CONVERSION = YES;
				CLANG_WARN_DEPRECATED_OBJC_IMPLEMENTATIONS = YES;
				CLANG_WARN_DIRECT_OBJC_ISA_USAGE = YES_ERROR;
				CLANG_WARN_DOCUMENTATION_COMMENTS = YES;
				CLANG_WARN_EMPTY_BODY = YES;
				CLANG_WARN_ENUM_CONVERSION = YES;
				CLANG_WARN_INFINITE_RECURSION = YES;
				CLANG_WARN_INT_CONVERSION = YES;
				CLANG_WARN_NON_LITERAL_NULL_CONVERSION = YES;
				CLANG_WARN_OBJC_IMPLICIT_RETAIN_SELF = YES;
				CLANG_WARN_OBJC_LITERAL_CONVERSION = YES;
				CLANG_WARN_OBJC_ROOT_CLASS = YES_ERROR;
				CLANG_WARN_RANGE_LOOP_ANALYSIS = YES;
				CLANG_WARN_STRICT_PROTOTYPES = YES;
				CLANG_WARN_SUSPICIOUS_MOVE = YES;
				CLANG_WARN_UNGUARDED_AVAILABILITY = YES_AGGRESSIVE;
				CLANG_WARN_UNREACHABLE_CODE = YES;
				CLANG_WARN__DUPLICATE_METHOD_MATCH = YES;
				COPY_PHASE_STRIP = NO;
				DEBUG_INFORMATION_FORMAT = dwarf;
				ENABLE_STRICT_OBJC_MSGSEND = YES;
				ENABLE_TESTABILITY = YES;
				GCC_C_LANGUAGE_STANDARD = gnu11;
				GCC_DYNAMIC_NO_PIC = NO;
				GCC_NO_COMMON_BLOCKS = YES;
				GCC_OPTIMIZATION_LEVEL = 0;
				GCC_PREPROCESSOR_DEFINITIONS = (
					"DEBUG=1",
					"$(inherited)",
				);
				GCC_WARN_64_TO_32_BIT_CONVERSION = YES;
				GCC_WARN_ABOUT_RETURN_TYPE = YES_ERROR;
				GCC_WARN_UNDECLARED_SELECTOR = YES;
				GCC_WARN_UNINITIALIZED_AUTOS = YES_AGGRESSIVE;
				GCC_WARN_UNUSED_FUNCTION = YES;
				GCC_WARN_UNUSED_VARIABLE = YES;
				IPHONEOS_DEPLOYMENT_TARGET = 13.1;
				MTL_ENABLE_DEBUG_INFO = INCLUDE_SOURCE;
				MTL_FAST_MATH = YES;
				ONLY_ACTIVE_ARCH = YES;
				SDKROOT = iphoneos;
				SWIFT_ACTIVE_COMPILATION_CONDITIONS = DEBUG;
				SWIFT_OPTIMIZATION_LEVEL = "-Onone";
			};
			name = Debug;
		};
		3FF32855235AA9AA0065FF66 /* Release */ = {
			isa = XCBuildConfiguration;
			buildSettings = {
				ALWAYS_SEARCH_USER_PATHS = NO;
				CLANG_ANALYZER_NONNULL = YES;
				CLANG_ANALYZER_NUMBER_OBJECT_CONVERSION = YES_AGGRESSIVE;
				CLANG_CXX_LANGUAGE_STANDARD = "gnu++14";
				CLANG_CXX_LIBRARY = "libc++";
				CLANG_ENABLE_MODULES = YES;
				CLANG_ENABLE_OBJC_ARC = YES;
				CLANG_ENABLE_OBJC_WEAK = YES;
				CLANG_WARN_BLOCK_CAPTURE_AUTORELEASING = YES;
				CLANG_WARN_BOOL_CONVERSION = YES;
				CLANG_WARN_COMMA = YES;
				CLANG_WARN_CONSTANT_CONVERSION = YES;
				CLANG_WARN_DEPRECATED_OBJC_IMPLEMENTATIONS = YES;
				CLANG_WARN_DIRECT_OBJC_ISA_USAGE = YES_ERROR;
				CLANG_WARN_DOCUMENTATION_COMMENTS = YES;
				CLANG_WARN_EMPTY_BODY = YES;
				CLANG_WARN_ENUM_CONVERSION = YES;
				CLANG_WARN_INFINITE_RECURSION = YES;
				CLANG_WARN_INT_CONVERSION = YES;
				CLANG_WARN_NON_LITERAL_NULL_CONVERSION = YES;
				CLANG_WARN_OBJC_IMPLICIT_RETAIN_SELF = YES;
				CLANG_WARN_OBJC_LITERAL_CONVERSION = YES;
				CLANG_WARN_OBJC_ROOT_CLASS = YES_ERROR;
				CLANG_WARN_RANGE_LOOP_ANALYSIS = YES;
				CLANG_WARN_STRICT_PROTOTYPES = YES;
				CLANG_WARN_SUSPICIOUS_MOVE = YES;
				CLANG_WARN_UNGUARDED_AVAILABILITY = YES_AGGRESSIVE;
				CLANG_WARN_UNREACHABLE_CODE = YES;
				CLANG_WARN__DUPLICATE_METHOD_MATCH = YES;
				COPY_PHASE_STRIP = NO;
				DEBUG_INFORMATION_FORMAT = "dwarf-with-dsym";
				ENABLE_NS_ASSERTIONS = NO;
				ENABLE_STRICT_OBJC_MSGSEND = YES;
				GCC_C_LANGUAGE_STANDARD = gnu11;
				GCC_NO_COMMON_BLOCKS = YES;
				GCC_WARN_64_TO_32_BIT_CONVERSION = YES;
				GCC_WARN_ABOUT_RETURN_TYPE = YES_ERROR;
				GCC_WARN_UNDECLARED_SELECTOR = YES;
				GCC_WARN_UNINITIALIZED_AUTOS = YES_AGGRESSIVE;
				GCC_WARN_UNUSED_FUNCTION = YES;
				GCC_WARN_UNUSED_VARIABLE = YES;
				IPHONEOS_DEPLOYMENT_TARGET = 13.1;
				MTL_ENABLE_DEBUG_INFO = NO;
				MTL_FAST_MATH = YES;
				SDKROOT = iphoneos;
				SWIFT_COMPILATION_MODE = wholemodule;
				SWIFT_OPTIMIZATION_LEVEL = "-O";
				VALIDATE_PRODUCT = YES;
			};
			name = Release;
		};
		3FF32857235AA9AA0065FF66 /* Debug */ = {
			isa = XCBuildConfiguration;
			baseConfigurationReference = DC74DF9064449F599FFC4A09 /* Pods-jphacks.debug.xcconfig */;
			buildSettings = {
				ASSETCATALOG_COMPILER_APPICON_NAME = AppIcon;
				CODE_SIGN_STYLE = Automatic;
				DEVELOPMENT_TEAM = 6SL49V4SU8;
				INFOPLIST_FILE = jphacks/Info.plist;
				IPHONEOS_DEPLOYMENT_TARGET = 13.0;
				LD_RUNPATH_SEARCH_PATHS = (
					"$(inherited)",
					"@executable_path/Frameworks",
				);
				PRODUCT_BUNDLE_IDENTIFIER = jp.sekiya.jphacks;
				PRODUCT_NAME = "$(TARGET_NAME)";
				SWIFT_VERSION = 5.0;
				TARGETED_DEVICE_FAMILY = "1,2";
			};
			name = Debug;
		};
		3FF32858235AA9AA0065FF66 /* Release */ = {
			isa = XCBuildConfiguration;
			baseConfigurationReference = 4DE28282350B16AA9B49480F /* Pods-jphacks.release.xcconfig */;
			buildSettings = {
				ASSETCATALOG_COMPILER_APPICON_NAME = AppIcon;
				CODE_SIGN_STYLE = Automatic;
				DEVELOPMENT_TEAM = 6SL49V4SU8;
				INFOPLIST_FILE = jphacks/Info.plist;
				IPHONEOS_DEPLOYMENT_TARGET = 13.0;
				LD_RUNPATH_SEARCH_PATHS = (
					"$(inherited)",
					"@executable_path/Frameworks",
				);
				PRODUCT_BUNDLE_IDENTIFIER = jp.sekiya.jphacks;
				PRODUCT_NAME = "$(TARGET_NAME)";
				SWIFT_VERSION = 5.0;
				TARGETED_DEVICE_FAMILY = "1,2";
			};
			name = Release;
		};
/* End XCBuildConfiguration section */

/* Begin XCConfigurationList section */
		3FF3283D235AA9A90065FF66 /* Build configuration list for PBXProject "jphacks" */ = {
			isa = XCConfigurationList;
			buildConfigurations = (
				3FF32854235AA9AA0065FF66 /* Debug */,
				3FF32855235AA9AA0065FF66 /* Release */,
			);
			defaultConfigurationIsVisible = 0;
			defaultConfigurationName = Release;
		};
		3FF32856235AA9AA0065FF66 /* Build configuration list for PBXNativeTarget "jphacks" */ = {
			isa = XCConfigurationList;
			buildConfigurations = (
				3FF32857235AA9AA0065FF66 /* Debug */,
				3FF32858235AA9AA0065FF66 /* Release */,
			);
			defaultConfigurationIsVisible = 0;
			defaultConfigurationName = Release;
		};
/* End XCConfigurationList section */
	};
	rootObject = 3FF3283A235AA9A90065FF66 /* Project object */;
}
